
Microsoft Visual Studio Solution File, Format Version 12.00
# Visual Studio Version 17
VisualStudioVersion = 17.1.32228.430
MinimumVisualStudioVersion = 10.0.40219.1
Project("{8BC9CEB8-8B4A-11D0-8D11-00A0C91BC942}") = "MegaUI", "MegaUI\MegaUI.vcxproj", "{E5FFEB40-1C25-4E79-BD3D-55EAFEB8DDDE}"
EndProject
Global
	GlobalSection(SolutionConfigurationPlatforms) = preSolution
		Debug|x64 = Debug|x64
		Debug|x86 = Debug|x86
		Release|x64 = Release|x64
		Release|x86 = Release|x86
	EndGlobalSection
	GlobalSection(ProjectConfigurationPlatforms) = postSolution
		{E5FFEB40-1C25-4E79-BD3D-55EAFEB8DDDE}.Debug|x64.ActiveCfg = Debug|x64
		{E5FFEB40-1C25-4E79-BD3D-55EAFEB8DDDE}.Debug|x64.Build.0 = Debug|x64
		{E5FFEB40-1C25-4E79-BD3D-55EAFEB8DDDE}.Debug|x86.ActiveCfg = Debug|Win32
		{E5FFEB40-1C25-4E79-BD3D-55EAFEB8DDDE}.Debug|x86.Build.0 = Debug|Win32
		{E5FFEB40-1C25-4E79-BD3D-55EAFEB8DDDE}.Release|x64.ActiveCfg = Release|x64
		{E5FFEB40-1C25-4E79-BD3D-55EAFEB8DDDE}.Release|x64.Build.0 = Release|x64
		{E5FFEB40-1C25-4E79-BD3D-55EAFEB8DDDE}.Release|x86.ActiveCfg = Release|Win32
		{E5FFEB40-1C25-4E79-BD3D-55EAFEB8DDDE}.Release|x86.Build.0 = Release|Win32
	EndGlobalSection
	GlobalSection(SolutionProperties) = preSolution
		HideSolutionNode = FALSE
	EndGlobalSection
	GlobalSection(ExtensibilityGlobals) = postSolution
		SolutionGuid = {AB1B5E20-CDE1-4E83-86F8-60A7E4344363}
	EndGlobalSection
EndGlobal
