<?xml version="1.0" encoding="utf-8"?>
<Project ToolsVersion="4.0" xmlns="http://schemas.microsoft.com/developer/msbuild/2003">
  <ItemGroup>
    <Filter Include="源文件">
      <UniqueIdentifier>{4FC737F1-C7A5-4376-A066-2A32D752A2FF}</UniqueIdentifier>
      <Extensions>cpp;c;cc;cxx;c++;cppm;ixx;def;odl;idl;hpj;bat;asm;asmx</Extensions>
    </Filter>
    <Filter Include="头文件">
      <UniqueIdentifier>{93995380-89BD-4b04-88EB-625FBE52EBFB}</UniqueIdentifier>
      <Extensions>h;hh;hpp;hxx;h++;hm;inl;inc;ipp;xsd</Extensions>
    </Filter>
    <Filter Include="资源文件">
      <UniqueIdentifier>{67DA6AB6-F800-4c08-8B7A-83BB121AAD01}</UniqueIdentifier>
      <Extensions>rc;ico;cur;bmp;dlg;rc2;rct;bin;rgs;gif;jpg;jpeg;jpe;resx;tiff;tif;png;wav;mfcribbon-ms</Extensions>
    </Filter>
    <Filter Include="UI">
      <UniqueIdentifier>{560480c3-0962-4ba6-9d98-8b7b4dd162b5}</UniqueIdentifier>
    </Filter>
    <Filter Include="UI\Render">
      <UniqueIdentifier>{ef62d851-a980-4f9c-ae41-8fe95c244e1c}</UniqueIdentifier>
    </Filter>
    <Filter Include="UI\Window">
      <UniqueIdentifier>{8f1999d2-8ce0-493c-a0e4-969c84f2d144}</UniqueIdentifier>
    </Filter>
    <Filter Include="UI\Core">
      <UniqueIdentifier>{734b6eb7-a287-44e7-ab54-e6871d045812}</UniqueIdentifier>
    </Filter>
    <Filter Include="UI\Base">
      <UniqueIdentifier>{9cad59f1-53c0-49d1-a714-f2e6e6e552bd}</UniqueIdentifier>
    </Filter>
    <Filter Include="UI\Parser">
      <UniqueIdentifier>{7587d627-2fbc-43c0-b592-b31c1c1eadd1}</UniqueIdentifier>
    </Filter>
    <Filter Include="Base">
      <UniqueIdentifier>{b2d76587-f02c-4e66-a9b6-103ca4da3552}</UniqueIdentifier>
    </Filter>
    <Filter Include="Base\Containers">
      <UniqueIdentifier>{89a3bf71-18a5-4c34-9e8c-07dba97668f7}</UniqueIdentifier>
    </Filter>
    <Filter Include="Base\Threading">
      <UniqueIdentifier>{70ce5618-1412-4047-91ac-176a84a368fd}</UniqueIdentifier>
    </Filter>
    <Filter Include="UI\Accessibility">
      <UniqueIdentifier>{4ef86392-f933-4b2b-958d-b1814e191e02}</UniqueIdentifier>
    </Filter>
    <Filter Include="UI\Accessibility\UIAutomation">
      <UniqueIdentifier>{b98e6b48-18ae-4ea5-99c9-2187cb16e8ce}</UniqueIdentifier>
    </Filter>
    <Filter Include="Base\Strings">
      <UniqueIdentifier>{a29a58ba-73ae-4a48-8891-56488d2ca06a}</UniqueIdentifier>
    </Filter>
    <Filter Include="UI\Control">
      <UniqueIdentifier>{33cbca5b-e9af-4a6f-925d-ff8643527b56}</UniqueIdentifier>
    </Filter>
    <Filter Include="Base\Memory">
      <UniqueIdentifier>{dbc00a38-0fe8-4789-bcdb-931c58800068}</UniqueIdentifier>
    </Filter>
    <Filter Include="Media">
      <UniqueIdentifier>{754a841a-e77f-4024-a903-0a33350948ac}</UniqueIdentifier>
    </Filter>
    <Filter Include="Media\Graphics">
      <UniqueIdentifier>{bb8776d7-d622-4056-8b39-48bdc225a23d}</UniqueIdentifier>
    </Filter>
    <Filter Include="Media\Graphics\D2D">
      <UniqueIdentifier>{bc9668cf-3d13-49a1-b026-391a5d76a74d}</UniqueIdentifier>
    </Filter>
    <Filter Include="Media\Brushes">
      <UniqueIdentifier>{a8543da6-6cc0-40b8-b076-0b5b92c2c114}</UniqueIdentifier>
    </Filter>
    <Filter Include="Media\Pens">
      <UniqueIdentifier>{fe1299b8-efec-441f-995f-5d8e4e52aa7a}</UniqueIdentifier>
    </Filter>
    <Filter Include="Media\Graphics\GDIPlus">
      <UniqueIdentifier>{1c62b765-e956-4202-aa72-a94f3fd0ee3f}</UniqueIdentifier>
    </Filter>
    <Filter Include="Base\IO">
      <UniqueIdentifier>{81a59bca-d12b-4c0a-b464-1060f6463207}</UniqueIdentifier>
    </Filter>
    <Filter Include="Base\Threading\TaskRunner">
      <UniqueIdentifier>{681ed380-96c6-447f-a87b-2d6b7d841c64}</UniqueIdentifier>
    </Filter>
    <Filter Include="Base\Time">
      <UniqueIdentifier>{acad2a55-e5aa-4701-b55a-c0d7db0f1332}</UniqueIdentifier>
    </Filter>
    <Filter Include="Base\Threading\TaskRunner\Windows">
      <UniqueIdentifier>{81d23f6c-2fdc-45b6-b240-e41605dfe965}</UniqueIdentifier>
    </Filter>
    <Filter Include="Base\Threading\TaskRunner\Linux">
      <UniqueIdentifier>{c80dc393-4130-4dd6-a910-4c2c57d23eb9}</UniqueIdentifier>
    </Filter>
    <Filter Include="Base\Sync">
      <UniqueIdentifier>{9ecb9081-2f41-4782-9baa-920ce6eec0a0}</UniqueIdentifier>
    </Filter>
    <Filter Include="Base\Utils">
      <UniqueIdentifier>{5fdb3ef6-6993-4ef6-bf1e-57de7c90cc1f}</UniqueIdentifier>
    </Filter>
    <Filter Include="Base\Utils\Windows">
      <UniqueIdentifier>{34f8d820-a98e-4f29-8be8-c600d83b23b4}</UniqueIdentifier>
    </Filter>
  </ItemGroup>
  <ItemGroup>
    <ClInclude Include="framework.h">
      <Filter>头文件</Filter>
    </ClInclude>
    <ClInclude Include="pch.h">
      <Filter>头文件</Filter>
    </ClInclude>
    <ClInclude Include="Core\Value.h">
      <Filter>UI\Core</Filter>
    </ClInclude>
    <ClInclude Include="Core\Element.h">
      <Filter>UI\Core</Filter>
    </ClInclude>
    <ClInclude Include="Core\Property.h">
      <Filter>UI\Core</Filter>
    </ClInclude>
    <ClInclude Include="Core\ControlInfo.h">
      <Filter>UI\Core</Filter>
    </ClInclude>
    <ClInclude Include="base\MegaUITypeInt.h">
      <Filter>UI\Base</Filter>
    </ClInclude>
    <ClInclude Include="Core\DeferCycle.h">
      <Filter>UI\Core</Filter>
    </ClInclude>
    <ClInclude Include="Core\Layout.h">
      <Filter>UI\Core</Filter>
    </ClInclude>
    <ClInclude Include="Render\Render.h">
      <Filter>UI\Render</Filter>
    </ClInclude>
    <ClInclude Include="Window\Window.h">
      <Filter>UI\Window</Filter>
    </ClInclude>
    <ClInclude Include="Core\StyleSheet.h">
      <Filter>UI\Core</Filter>
    </ClInclude>
    <ClInclude Include="Core\ControlInfoImp.h">
      <Filter>UI\Core</Filter>
    </ClInclude>
    <ClInclude Include="Parser\UIParser.h">
      <Filter>UI\Parser</Filter>
    </ClInclude>
    <ClInclude Include="Parser\ValueParser.h">
      <Filter>UI\Parser</Filter>
    </ClInclude>
    <ClInclude Include="Window\WindowElement.h">
      <Filter>UI\Window</Filter>
    </ClInclude>
    <ClInclude Include="Render\FontEnumMap.h">
      <Filter>UI\Render</Filter>
    </ClInclude>
    <ClInclude Include="Core\UIEvent.h">
      <Filter>UI\Core</Filter>
    </ClInclude>
    <ClInclude Include="..\Base\Encoding.h">
      <Filter>Base</Filter>
    </ClInclude>
    <ClInclude Include="..\Base\tchar.h">
      <Filter>Base</Filter>
    </ClInclude>
    <ClInclude Include="..\Base\YY.h">
      <Filter>Base</Filter>
    </ClInclude>
    <ClInclude Include="..\Base\Containers\ArrayView.h">
      <Filter>Base\Containers</Filter>
    </ClInclude>
    <ClInclude Include="..\Base\Containers\Array.h">
      <Filter>Base\Containers</Filter>
    </ClInclude>
    <ClInclude Include="..\Base\Exception.h">
      <Filter>Base</Filter>
    </ClInclude>
    <ClInclude Include="..\Base\Containers\ConstructorPolicy.h">
      <Filter>Base\Containers</Filter>
    </ClInclude>
    <ClInclude Include="..\Base\Containers\HashSet.h">
      <Filter>Base\Containers</Filter>
    </ClInclude>
    <ClInclude Include="..\Base\Sync\Interlocked.h">
      <Filter>Base\Sync</Filter>
    </ClInclude>
    <ClInclude Include="..\Media\Color.h">
      <Filter>Media</Filter>
    </ClInclude>
    <ClInclude Include="..\Media\Point.h">
      <Filter>Media</Filter>
    </ClInclude>
    <ClInclude Include="..\Media\Rect.h">
      <Filter>Media</Filter>
    </ClInclude>
    <ClInclude Include="..\Media\Size.h">
      <Filter>Media</Filter>
    </ClInclude>
    <ClInclude Include="..\Media\Font.h">
      <Filter>Media</Filter>
    </ClInclude>
    <ClInclude Include="..\Base\SAL.h">
      <Filter>Base</Filter>
    </ClInclude>
    <ClInclude Include="Accessibility\UIAutomation\ElementAccessibleProviderImpl.h">
      <Filter>UI\Accessibility\UIAutomation</Filter>
    </ClInclude>
    <ClInclude Include="Accessibility\UIAutomation\AccessibleEventManager.h">
      <Filter>UI\Accessibility\UIAutomation</Filter>
    </ClInclude>
    <ClInclude Include="Accessibility\UIAutomation\WindowElementAccessibleProviderImpl.h">
      <Filter>UI\Accessibility\UIAutomation</Filter>
    </ClInclude>
    <ClInclude Include="..\Base\Strings\NString.h">
      <Filter>Base\Strings</Filter>
    </ClInclude>
    <ClInclude Include="..\Base\Strings\String.h">
      <Filter>Base\Strings</Filter>
    </ClInclude>
    <ClInclude Include="..\Base\Strings\StringTransform.h">
      <Filter>Base\Strings</Filter>
    </ClInclude>
    <ClInclude Include="..\Base\Strings\StringView.h">
      <Filter>Base\Strings</Filter>
    </ClInclude>
    <ClInclude Include="Accessibility\UIAutomation\PatternProviderImpl.h">
      <Filter>UI\Accessibility\UIAutomation</Filter>
    </ClInclude>
    <ClInclude Include="Accessibility\UIAutomation\WindowElementPatternProviderImpl.h">
      <Filter>UI\Accessibility\UIAutomation</Filter>
    </ClInclude>
    <ClInclude Include="Accessibility\UIAutomation\ElementPatternProviderImpl.h">
      <Filter>UI\Accessibility\UIAutomation</Filter>
    </ClInclude>
    <ClInclude Include="Control\Button.h">
      <Filter>UI\Control</Filter>
    </ClInclude>
    <ClInclude Include="..\Base\Memory\RefPtr.h">
      <Filter>Base\Memory</Filter>
    </ClInclude>
    <ClInclude Include="..\Media\Resource.h">
      <Filter>Media</Filter>
    </ClInclude>
    <ClInclude Include="..\Base\Sync\InterlockedSingleLinkedList.h">
      <Filter>Base\Sync</Filter>
    </ClInclude>
    <ClInclude Include="..\Media\Graphics\DrawContext.h">
      <Filter>Media\Graphics</Filter>
    </ClInclude>
    <ClInclude Include="..\Media\Graphics\DrawAsyncCommandContext.h">
      <Filter>Media\Graphics</Filter>
    </ClInclude>
    <ClInclude Include="..\Media\Pens\Pen.h">
      <Filter>Media\Pens</Filter>
    </ClInclude>
    <ClInclude Include="..\Media\Brushes\Brush.h">
      <Filter>Media\Brushes</Filter>
    </ClInclude>
    <ClInclude Include="..\Media\Graphics\D2D\D2D1_0DrawContext.h">
      <Filter>Media\Graphics\D2D</Filter>
    </ClInclude>
    <ClInclude Include="..\Media\Graphics\D2D\DWriteHelper.h">
      <Filter>Media\Graphics\D2D</Filter>
    </ClInclude>
    <ClInclude Include="..\Base\Memory\UniquePtr.h">
      <Filter>Base\Memory</Filter>
    </ClInclude>
    <ClInclude Include="..\Media\Graphics\D2D\D2D1_1DrawContext.h">
      <Filter>Media\Graphics\D2D</Filter>
    </ClInclude>
    <ClInclude Include="..\Media\Graphics\GDIPlus\GDIPlusDrawContext.h">
      <Filter>Media\Graphics\GDIPlus</Filter>
    </ClInclude>
    <ClInclude Include="..\Media\Graphics\GDIPlus\GDIPlusHelper.h">
      <Filter>Media\Graphics\GDIPlus</Filter>
    </ClInclude>
    <ClInclude Include="..\Base\Containers\Optional.h">
      <Filter>Base\Containers</Filter>
    </ClInclude>
    <ClInclude Include="..\Base\Sync\InterlockedQueue.h">
      <Filter>Base\Sync</Filter>
    </ClInclude>
    <ClInclude Include="..\Base\Sync\Sync.h">
      <Filter>Base\Sync</Filter>
    </ClInclude>
    <ClInclude Include="..\Base\Threading\ProcessThreads.h">
      <Filter>Base\Threading</Filter>
    </ClInclude>
    <ClInclude Include="..\Base\Memory\Alloc.h">
      <Filter>Base\Memory</Filter>
    </ClInclude>
    <ClInclude Include="..\Base\SafeCast.h">
      <Filter>Base</Filter>
    </ClInclude>
    <ClInclude Include="..\Base\IO\File.h">
      <Filter>Base\IO</Filter>
    </ClInclude>
    <ClInclude Include="..\Base\Memory\WeakPtr.h">
      <Filter>Base\Memory</Filter>
    </ClInclude>
    <ClInclude Include="..\Base\Threading\SequencedTaskRunnerImpl.h">
      <Filter>Base\Threading\TaskRunner</Filter>
    </ClInclude>
    <ClInclude Include="..\Base\Threading\TaskRunner.h">
      <Filter>Base\Threading\TaskRunner</Filter>
    </ClInclude>
    <ClInclude Include="..\Base\Threading\TaskRunnerDispatchImpl.h">
      <Filter>Base\Threading\TaskRunner</Filter>
    </ClInclude>
    <ClInclude Include="..\Base\Threading\TaskRunnerImpl.h">
      <Filter>Base\Threading\TaskRunner</Filter>
    </ClInclude>
    <ClInclude Include="..\Base\Threading\ThreadTaskRunnerImpl.h">
      <Filter>Base\Threading\TaskRunner</Filter>
    </ClInclude>
    <ClInclude Include="..\Base\Threading\ParallelTaskRunnerImpl.hpp">
      <Filter>Base\Threading\TaskRunner</Filter>
    </ClInclude>
    <ClInclude Include="..\Base\Time\TickCount.h">
      <Filter>Base\Time</Filter>
    </ClInclude>
    <ClInclude Include="..\Base\Time\TimeSpan.h">
      <Filter>Base\Time</Filter>
    </ClInclude>
    <ClInclude Include="..\Base\Time\Common.h">
      <Filter>Base\Time</Filter>
    </ClInclude>
    <ClInclude Include="..\Base\Containers\BitMap.h">
      <Filter>Base\Containers</Filter>
    </ClInclude>
    <ClInclude Include="..\Base\Threading\ThreadPool.h">
      <Filter>Base\Threading\TaskRunner</Filter>
    </ClInclude>
    <ClInclude Include="..\Base\Threading\ThreadPoolForWindows.h">
      <Filter>Base\Threading\TaskRunner\Windows</Filter>
    </ClInclude>
    <ClInclude Include="..\Base\ErrorCode.h">
      <Filter>Base</Filter>
    </ClInclude>
    <ClInclude Include="..\Base\Threading\ThreadPoolForLinux.h">
      <Filter>Base\Threading\TaskRunner\Linux</Filter>
    </ClInclude>
    <ClInclude Include="..\Base\Sync\CriticalSection.h">
      <Filter>Base\Sync</Filter>
    </ClInclude>
    <ClInclude Include="..\Base\Sync\SRWLock.h">
      <Filter>Base\Sync</Filter>
    </ClInclude>
    <ClInclude Include="..\ThirdParty\rapidxml\rapidxml.hpp">
      <Filter>头文件</Filter>
    </ClInclude>
    <ClInclude Include="..\ThirdParty\rapidxml\rapidxml_iterators.hpp">
      <Filter>头文件</Filter>
    </ClInclude>
    <ClInclude Include="..\ThirdParty\rapidxml\rapidxml_print.hpp">
      <Filter>头文件</Filter>
    </ClInclude>
    <ClInclude Include="..\ThirdParty\rapidxml\rapidxml_utils.hpp">
      <Filter>头文件</Filter>
    </ClInclude>
    <ClInclude Include="Control\TextBox.h">
      <Filter>UI\Control</Filter>
    </ClInclude>
    <ClInclude Include="..\Media\Graphics\GDIPlus\GdiPlusTextLayout.hpp">
      <Filter>Media\Graphics\GDIPlus</Filter>
    </ClInclude>
    <ClInclude Include="..\Base\Threading\ThreadPoolTimerManger.h">
      <Filter>Base\Threading\TaskRunner</Filter>
    </ClInclude>
    <ClInclude Include="..\Base\Threading\ThreadPoolWaitManger.h">
      <Filter>Base\Threading\TaskRunner</Filter>
    </ClInclude>
    <ClInclude Include="..\Base\Sync\AutoLock.h">
      <Filter>Base\Sync</Filter>
    </ClInclude>
    <ClInclude Include="..\Base\Threading\Coroutine.h">
      <Filter>Base\Threading</Filter>
    </ClInclude>
    <ClInclude Include="..\Base\Utils\ComObjectImpl.h">
      <Filter>Base\Utils\Windows</Filter>
    </ClInclude>
  </ItemGroup>
  <ItemGroup>
    <ClCompile Include="MegaUI.cpp">
      <Filter>源文件</Filter>
    </ClCompile>
    <ClCompile Include="pch.cpp">
      <Filter>源文件</Filter>
    </ClCompile>
    <ClCompile Include="Core\Element.cpp">
      <Filter>UI\Core</Filter>
    </ClCompile>
    <ClCompile Include="Core\Value.cpp">
      <Filter>UI\Core</Filter>
    </ClCompile>
    <ClCompile Include="Core\ControlInfo.cpp">
      <Filter>UI\Core</Filter>
    </ClCompile>
    <ClCompile Include="Render\Render.cpp">
      <Filter>UI\Render</Filter>
    </ClCompile>
    <ClCompile Include="Window\Window.cpp">
      <Filter>UI\Window</Filter>
    </ClCompile>
    <ClCompile Include="Core\StyleSheet.cpp">
      <Filter>UI\Core</Filter>
    </ClCompile>
    <ClCompile Include="Parser\UIParser.cpp">
      <Filter>UI\Parser</Filter>
    </ClCompile>
    <ClCompile Include="Window\WindowElement.cpp">
      <Filter>UI\Window</Filter>
    </ClCompile>
    <ClCompile Include="Render\FontEnumMap.cpp">
      <Filter>UI\Render</Filter>
    </ClCompile>
    <ClCompile Include="..\Media\Font.cpp">
      <Filter>Media</Filter>
    </ClCompile>
    <ClCompile Include="Accessibility\UIAutomation\ElementAccessibleProviderImpl.cpp">
      <Filter>UI\Accessibility\UIAutomation</Filter>
    </ClCompile>
    <ClCompile Include="Accessibility\UIAutomation\AccessibleEventManager.cpp">
      <Filter>UI\Accessibility\UIAutomation</Filter>
    </ClCompile>
    <ClCompile Include="Accessibility\UIAutomation\WindowElementAccessibleProviderImpl.cpp">
      <Filter>UI\Accessibility\UIAutomation</Filter>
    </ClCompile>
    <ClCompile Include="..\Base\Strings\StringTransform.cpp">
      <Filter>Base\Strings</Filter>
    </ClCompile>
    <ClCompile Include="Control\Button.cpp">
      <Filter>UI\Control</Filter>
    </ClCompile>
    <ClCompile Include="..\Media\Graphics\DrawAsyncCommandContext.cpp">
      <Filter>Media\Graphics</Filter>
    </ClCompile>
    <ClCompile Include="..\Media\Graphics\D2D\D2D1_0DrawContext.cpp">
      <Filter>Media\Graphics\D2D</Filter>
    </ClCompile>
    <ClCompile Include="..\Media\Graphics\D2D\DWriteHelper.cpp">
      <Filter>Media\Graphics\D2D</Filter>
    </ClCompile>
    <ClCompile Include="..\Media\Graphics\D2D\D2D1_1DrawContext.cpp">
      <Filter>Media\Graphics\D2D</Filter>
    </ClCompile>
    <ClCompile Include="..\Media\Graphics\GDIPlus\GDIPlusDrawContext.cpp">
      <Filter>Media\Graphics\GDIPlus</Filter>
    </ClCompile>
    <ClCompile Include="..\Media\Graphics\DrawContext.cpp">
      <Filter>Media\Graphics</Filter>
    </ClCompile>
    <ClCompile Include="..\Base\Threading\TaskRunner.cpp">
      <Filter>Base\Threading\TaskRunner</Filter>
    </ClCompile>
    <ClCompile Include="..\Base\Threading\TaskRunnerImpl.cpp">
      <Filter>Base\Threading\TaskRunner</Filter>
    </ClCompile>
    <ClCompile Include="..\Base\Threading\ThreadTaskRunnerImpl.cpp">
      <Filter>Base\Threading\TaskRunner</Filter>
    </ClCompile>
    <ClCompile Include="..\Base\Threading\TaskRunnerDispatchImpl.cpp">
      <Filter>Base\Threading\TaskRunner</Filter>
    </ClCompile>
    <ClCompile Include="..\Base\Threading\SequencedTaskRunnerImpl.cpp">
      <Filter>Base\Threading\TaskRunner</Filter>
    </ClCompile>
    <ClCompile Include="..\Base\Threading\ThreadPoolForWindows.cpp">
      <Filter>Base\Threading\TaskRunner\Windows</Filter>
    </ClCompile>
    <ClCompile Include="..\Base\Threading\ThreadPoolForLinux.cpp">
      <Filter>Base\Threading\TaskRunner\Linux</Filter>
    </ClCompile>
    <ClCompile Include="..\Base\Sync\SRWLock.cpp">
      <Filter>Base\Sync</Filter>
    </ClCompile>
    <ClCompile Include="Control\TextBox.cpp">
      <Filter>UI\Control</Filter>
    </ClCompile>
    <ClCompile Include="..\Base\Sync\CriticalSection.cpp">
      <Filter>Base\Sync</Filter>
    </ClCompile>
  </ItemGroup>
  <ItemGroup>
    <Natvis Include="MegaUI.natvis">
      <Filter>资源文件</Filter>
    </Natvis>
  </ItemGroup>
  <ItemGroup>
    <Xml Include="Common.xml">
      <Filter>资源文件</Filter>
    </Xml>
  </ItemGroup>
</Project>