<?xml version="1.0" encoding="utf-8"?>
<Project ToolsVersion="4.0" xmlns="http://schemas.microsoft.com/developer/msbuild/2003">
  <ItemGroup>
    <Filter Include="源文件">
      <UniqueIdentifier>{4FC737F1-C7A5-4376-A066-2A32D752A2FF}</UniqueIdentifier>
      <Extensions>cpp;c;cc;cxx;c++;cppm;ixx;def;odl;idl;hpj;bat;asm;asmx</Extensions>
    </Filter>
    <Filter Include="头文件">
      <UniqueIdentifier>{93995380-89BD-4b04-88EB-625FBE52EBFB}</UniqueIdentifier>
      <Extensions>h;hh;hpp;hxx;h++;hm;inl;inc;ipp;xsd</Extensions>
    </Filter>
    <Filter Include="资源文件">
      <UniqueIdentifier>{67DA6AB6-F800-4c08-8B7A-83BB121AAD01}</UniqueIdentifier>
      <Extensions>rc;ico;cur;bmp;dlg;rc2;rct;bin;rgs;gif;jpg;jpeg;jpe;resx;tiff;tif;png;wav;mfcribbon-ms</Extensions>
    </Filter>
    <Filter Include="UI">
      <UniqueIdentifier>{560480c3-0962-4ba6-9d98-8b7b4dd162b5}</UniqueIdentifier>
    </Filter>
    <Filter Include="UI\core">
      <UniqueIdentifier>{734b6eb7-a287-44e7-ab54-e6871d045812}</UniqueIdentifier>
    </Filter>
    <Filter Include="UI\base">
      <UniqueIdentifier>{9cad59f1-53c0-49d1-a714-f2e6e6e552bd}</UniqueIdentifier>
    </Filter>
    <Filter Include="UI\Host">
      <UniqueIdentifier>{f4dca592-1dfc-411a-8de3-cfb1f82aca73}</UniqueIdentifier>
    </Filter>
  </ItemGroup>
  <ItemGroup>
    <ClInclude Include="framework.h">
      <Filter>头文件</Filter>
    </ClInclude>
    <ClInclude Include="pch.h">
      <Filter>头文件</Filter>
    </ClInclude>
    <ClInclude Include="core\value.h">
      <Filter>UI\core</Filter>
    </ClInclude>
    <ClInclude Include="core\Element.h">
      <Filter>UI\core</Filter>
    </ClInclude>
    <ClInclude Include="core\Property.h">
      <Filter>UI\core</Filter>
    </ClInclude>
    <ClInclude Include="core\ClassInfo.h">
      <Filter>UI\core</Filter>
    </ClInclude>
    <ClInclude Include="base\alloc.h">
      <Filter>UI\base</Filter>
    </ClInclude>
    <ClInclude Include="base\DynamicArray.h">
      <Filter>UI\base</Filter>
    </ClInclude>
    <ClInclude Include="base\MegaUITypeInt.h">
      <Filter>UI\base</Filter>
    </ClInclude>
    <ClInclude Include="core\DeferCycle.h">
      <Filter>UI\core</Filter>
    </ClInclude>
    <ClInclude Include="base\StringBase.h">
      <Filter>UI\base</Filter>
    </ClInclude>
    <ClInclude Include="base\Interlocked.h">
      <Filter>UI\base</Filter>
    </ClInclude>
    <ClInclude Include="base\ErrorCode.h">
      <Filter>UI\base</Filter>
    </ClInclude>
    <ClInclude Include="base\Encoding.h">
      <Filter>UI\base</Filter>
    </ClInclude>
    <ClInclude Include="base\StringView.h">
      <Filter>UI\base</Filter>
    </ClInclude>
    <ClInclude Include="base\StringTransform.h">
      <Filter>UI\base</Filter>
    </ClInclude>
    <ClInclude Include="base\String.h">
      <Filter>UI\base</Filter>
    </ClInclude>
    <ClInclude Include="base\Exception.h">
      <Filter>UI\base</Filter>
    </ClInclude>
    <ClInclude Include="Host\NativeWindowHost.h">
      <Filter>UI\Host</Filter>
    </ClInclude>
    <ClInclude Include="base\HashSet.h">
      <Filter>UI\base</Filter>
    </ClInclude>
    <ClInclude Include="core\Layout.h">
      <Filter>UI\core</Filter>
    </ClInclude>
    <ClInclude Include="base\Color.h">
      <Filter>UI\base</Filter>
    </ClInclude>
    <ClInclude Include="base\Rect.h">
      <Filter>UI\base</Filter>
    </ClInclude>
  </ItemGroup>
  <ItemGroup>
    <ClCompile Include="MegaUI.cpp">
      <Filter>源文件</Filter>
    </ClCompile>
    <ClCompile Include="pch.cpp">
      <Filter>源文件</Filter>
    </ClCompile>
    <ClCompile Include="core\Element.cpp">
      <Filter>UI\core</Filter>
    </ClCompile>
    <ClCompile Include="core\value.cpp">
      <Filter>UI\core</Filter>
    </ClCompile>
    <ClCompile Include="core\ClassInfo.cpp">
      <Filter>UI\core</Filter>
    </ClCompile>
    <ClCompile Include="base\StringTransform.cpp">
      <Filter>UI\base</Filter>
    </ClCompile>
    <ClCompile Include="Host\NativeWindowHost.cpp">
      <Filter>UI\Host</Filter>
    </ClCompile>
  </ItemGroup>
  <ItemGroup>
    <Natvis Include="MegaUI.natvis">
      <Filter>资源文件</Filter>
    </Natvis>
  </ItemGroup>
</Project>